
Microsoft Visual Studio Solution File, Format Version 12.00
# Visual Studio Version 16
VisualStudioVersion = 16.0.31205.134
MinimumVisualStudioVersion = 10.0.40219.1
Project("{2150E333-8FDC-42A3-9474-1A3956D46DE8}") = "src", "src", "{F617A399-3030-47D9-B61B-9BEDD5A0A809}"
EndProject
Project("{2150E333-8FDC-42A3-9474-1A3956D46DE8}") = "DesignPatterns", "DesignPatterns", "{95A744B5-0997-450B-A142-6D241350BF6D}"
EndProject
Project("{2150E333-8FDC-42A3-9474-1A3956D46DE8}") = "Creational", "Creational", "{D84D20BF-670B-4733-B051-AD43524B7F1E}"
EndProject
Project("{2150E333-8FDC-42A3-9474-1A3956D46DE8}") = "FactoryMethod", "FactoryMethod", "{AD4571F5-7F56-4165-9C29-C736E510486B}"
EndProject
Project("{2150E333-8FDC-42A3-9474-1A3956D46DE8}") = "src", "src", "{4CADBAD9-F411-44F0-8916-F958A4DC9F68}"
EndProject
Project("{2150E333-8FDC-42A3-9474-1A3956D46DE8}") = "tests", "tests", "{15C3628C-52C1-464F-A9C9-CF6502B0BD94}"
EndProject
Project("{9A19103F-16F7-4668-BE54-9A1E7A4F7556}") = "Design.FactoryMehtod", "src\DesignPatterns\Creational\FactoryMethod\src\Design.FactoryMehtod.csproj", "{7198779F-984D-442A-8C35-DB5A619925F5}"
EndProject
Project("{9A19103F-16F7-4668-BE54-9A1E7A4F7556}") = "Design.FactoryMethod.Tests", "src\DesignPatterns\Creational\FactoryMethod\tests\Design.FactoryMethod.Tests.csproj", "{E448620A-04AA-4957-8946-D68BA90FFDB0}"
EndProject
Project("{2150E333-8FDC-42A3-9474-1A3956D46DE8}") = "AbstractFactory", "AbstractFactory", "{3EAC9D4D-EAE5-401E-866A-1DD13157BF1F}"
EndProject
Project("{9A19103F-16F7-4668-BE54-9A1E7A4F7556}") = "Design.AbstractFactory", "src\DesignPatterns\Creational\AbstractFactory\src\Design.AbstractFactory.csproj", "{6A95BBA5-9E7C-4998-A661-FBCD583837E1}"
EndProject
Project("{2150E333-8FDC-42A3-9474-1A3956D46DE8}") = "src", "src", "{C016A0D1-4502-4346-B122-D6D3177D9DA8}"
EndProject
Project("{2150E333-8FDC-42A3-9474-1A3956D46DE8}") = "tests", "tests", "{060E84AC-E81F-4DB5-B518-B008F137A779}"
EndProject
Project("{9A19103F-16F7-4668-BE54-9A1E7A4F7556}") = "Design.AbstractFactory.Tests", "src\DesignPatterns\Creational\AbstractFactory\tests\Design.AbstractFactory.Tests.csproj", "{2F819A87-879A-410F-B2AA-FCE2C0855999}"
EndProject
Project("{2150E333-8FDC-42A3-9474-1A3956D46DE8}") = "Behavioral", "Behavioral", "{75EDFA9B-4F24-4104-9688-80E83CE40F94}"
EndProject
Project("{2150E333-8FDC-42A3-9474-1A3956D46DE8}") = "Strategy", "Strategy", "{65972F1D-66EE-4855-B086-B0DEF21D1C46}"
EndProject
Project("{2150E333-8FDC-42A3-9474-1A3956D46DE8}") = "src", "src", "{A0FD1590-6AB4-4BF4-AD08-46EC69234D12}"
EndProject
Project("{2150E333-8FDC-42A3-9474-1A3956D46DE8}") = "tests", "tests", "{C1375CC6-1CBB-4A87-BA1F-B0D61EABBB36}"
EndProject
Project("{9A19103F-16F7-4668-BE54-9A1E7A4F7556}") = "Design.Strategy", "src\DesignPatterns\Behavioral\Strategy\src\Design.Strategy.csproj", "{43409E56-BEFF-4FC5-B785-E5A005DFD275}"
EndProject
Project("{9A19103F-16F7-4668-BE54-9A1E7A4F7556}") = "Design.Strategy.Tests", "src\DesignPatterns\Behavioral\Strategy\tests\Design.Strategy.Tests.csproj", "{A454D3DE-A514-4CB6-B6C9-205CD0606CB2}"
EndProject
Global
	GlobalSection(SolutionConfigurationPlatforms) = preSolution
		Debug|Any CPU = Debug|Any CPU
		Release|Any CPU = Release|Any CPU
	EndGlobalSection
	GlobalSection(ProjectConfigurationPlatforms) = postSolution
		{7198779F-984D-442A-8C35-DB5A619925F5}.Debug|Any CPU.ActiveCfg = Debug|Any CPU
		{7198779F-984D-442A-8C35-DB5A619925F5}.Debug|Any CPU.Build.0 = Debug|Any CPU
		{7198779F-984D-442A-8C35-DB5A619925F5}.Release|Any CPU.ActiveCfg = Release|Any CPU
		{7198779F-984D-442A-8C35-DB5A619925F5}.Release|Any CPU.Build.0 = Release|Any CPU
		{E448620A-04AA-4957-8946-D68BA90FFDB0}.Debug|Any CPU.ActiveCfg = Debug|Any CPU
		{E448620A-04AA-4957-8946-D68BA90FFDB0}.Debug|Any CPU.Build.0 = Debug|Any CPU
		{E448620A-04AA-4957-8946-D68BA90FFDB0}.Release|Any CPU.ActiveCfg = Release|Any CPU
		{E448620A-04AA-4957-8946-D68BA90FFDB0}.Release|Any CPU.Build.0 = Release|Any CPU
		{6A95BBA5-9E7C-4998-A661-FBCD583837E1}.Debug|Any CPU.ActiveCfg = Debug|Any CPU
		{6A95BBA5-9E7C-4998-A661-FBCD583837E1}.Debug|Any CPU.Build.0 = Debug|Any CPU
		{6A95BBA5-9E7C-4998-A661-FBCD583837E1}.Release|Any CPU.ActiveCfg = Release|Any CPU
		{6A95BBA5-9E7C-4998-A661-FBCD583837E1}.Release|Any CPU.Build.0 = Release|Any CPU
		{2F819A87-879A-410F-B2AA-FCE2C0855999}.Debug|Any CPU.ActiveCfg = Debug|Any CPU
		{2F819A87-879A-410F-B2AA-FCE2C0855999}.Debug|Any CPU.Build.0 = Debug|Any CPU
		{2F819A87-879A-410F-B2AA-FCE2C0855999}.Release|Any CPU.ActiveCfg = Release|Any CPU
		{2F819A87-879A-410F-B2AA-FCE2C0855999}.Release|Any CPU.Build.0 = Release|Any CPU
		{43409E56-BEFF-4FC5-B785-E5A005DFD275}.Debug|Any CPU.ActiveCfg = Debug|Any CPU
		{43409E56-BEFF-4FC5-B785-E5A005DFD275}.Debug|Any CPU.Build.0 = Debug|Any CPU
		{43409E56-BEFF-4FC5-B785-E5A005DFD275}.Release|Any CPU.ActiveCfg = Release|Any CPU
		{43409E56-BEFF-4FC5-B785-E5A005DFD275}.Release|Any CPU.Build.0 = Release|Any CPU
		{A454D3DE-A514-4CB6-B6C9-205CD0606CB2}.Debug|Any CPU.ActiveCfg = Debug|Any CPU
		{A454D3DE-A514-4CB6-B6C9-205CD0606CB2}.Debug|Any CPU.Build.0 = Debug|Any CPU
		{A454D3DE-A514-4CB6-B6C9-205CD0606CB2}.Release|Any CPU.ActiveCfg = Release|Any CPU
		{A454D3DE-A514-4CB6-B6C9-205CD0606CB2}.Release|Any CPU.Build.0 = Release|Any CPU
	EndGlobalSection
	GlobalSection(SolutionProperties) = preSolution
		HideSolutionNode = FALSE
	EndGlobalSection
	GlobalSection(NestedProjects) = preSolution
		{95A744B5-0997-450B-A142-6D241350BF6D} = {F617A399-3030-47D9-B61B-9BEDD5A0A809}
		{D84D20BF-670B-4733-B051-AD43524B7F1E} = {95A744B5-0997-450B-A142-6D241350BF6D}
		{AD4571F5-7F56-4165-9C29-C736E510486B} = {D84D20BF-670B-4733-B051-AD43524B7F1E}
		{4CADBAD9-F411-44F0-8916-F958A4DC9F68} = {AD4571F5-7F56-4165-9C29-C736E510486B}
		{15C3628C-52C1-464F-A9C9-CF6502B0BD94} = {AD4571F5-7F56-4165-9C29-C736E510486B}
		{7198779F-984D-442A-8C35-DB5A619925F5} = {4CADBAD9-F411-44F0-8916-F958A4DC9F68}
		{E448620A-04AA-4957-8946-D68BA90FFDB0} = {15C3628C-52C1-464F-A9C9-CF6502B0BD94}
		{3EAC9D4D-EAE5-401E-866A-1DD13157BF1F} = {D84D20BF-670B-4733-B051-AD43524B7F1E}
		{6A95BBA5-9E7C-4998-A661-FBCD583837E1} = {C016A0D1-4502-4346-B122-D6D3177D9DA8}
		{C016A0D1-4502-4346-B122-D6D3177D9DA8} = {3EAC9D4D-EAE5-401E-866A-1DD13157BF1F}
		{060E84AC-E81F-4DB5-B518-B008F137A779} = {3EAC9D4D-EAE5-401E-866A-1DD13157BF1F}
		{2F819A87-879A-410F-B2AA-FCE2C0855999} = {060E84AC-E81F-4DB5-B518-B008F137A779}
		{75EDFA9B-4F24-4104-9688-80E83CE40F94} = {95A744B5-0997-450B-A142-6D241350BF6D}
		{65972F1D-66EE-4855-B086-B0DEF21D1C46} = {75EDFA9B-4F24-4104-9688-80E83CE40F94}
		{A0FD1590-6AB4-4BF4-AD08-46EC69234D12} = {65972F1D-66EE-4855-B086-B0DEF21D1C46}
		{C1375CC6-1CBB-4A87-BA1F-B0D61EABBB36} = {65972F1D-66EE-4855-B086-B0DEF21D1C46}
		{43409E56-BEFF-4FC5-B785-E5A005DFD275} = {A0FD1590-6AB4-4BF4-AD08-46EC69234D12}
		{A454D3DE-A514-4CB6-B6C9-205CD0606CB2} = {C1375CC6-1CBB-4A87-BA1F-B0D61EABBB36}
	EndGlobalSection
	GlobalSection(ExtensibilityGlobals) = postSolution
		SolutionGuid = {BE75BF6E-DFAD-4112-928E-DBDF67768A86}
	EndGlobalSection
EndGlobal
